
Microsoft Visual Studio Solution File, Format Version 12.00
# Visual Studio Version 17
VisualStudioVersion = 17.9.34723.18
MinimumVisualStudioVersion = 10.0.40219.1
Project("{FAE04EC0-301F-11D3-BF4B-00C04F79EFBC}") = "Solution", "Solution\Solution.csproj", "{DDDCEC90-646F-4425-BDE6-9EF2C5C56D79}"
EndProject
Global
	GlobalSection(SolutionConfigurationPlatforms) = preSolution
		Debug|Any CPU = Debug|Any CPU
		Release|Any CPU = Release|Any CPU
	EndGlobalSection
	GlobalSection(ProjectConfigurationPlatforms) = postSolution
		{DDDCEC90-646F-4425-BDE6-9EF2C5C56D79}.Debug|Any CPU.ActiveCfg = Debug|Any CPU
		{DDDCEC90-646F-4425-BDE6-9EF2C5C56D79}.Debug|Any CPU.Build.0 = Debug|Any CPU
		{DDDCEC90-646F-4425-BDE6-9EF2C5C56D79}.Release|Any CPU.ActiveCfg = Release|Any CPU
		{DDDCEC90-646F-4425-BDE6-9EF2C5C56D79}.Release|Any CPU.Build.0 = Release|Any CPU
	EndGlobalSection
	GlobalSection(SolutionProperties) = preSolution
		HideSolutionNode = FALSE
	EndGlobalSection
	GlobalSection(ExtensibilityGlobals) = postSolution
		SolutionGuid = {92C29132-D515-4306-8B2F-372E5B570C0D}
	EndGlobalSection
EndGlobal
